// !$*UTF8*$!
{
	archiveVersion = 1;
	classes = {
	};
	objectVersion = 50;
	objects = {

/* Begin PBXBuildFile section */
		300627CB2229A3EA00D92BD0 /* MemeDetailViewController.swift in Sources */ = {isa = PBXBuildFile; fileRef = 300627CA2229A3EA00D92BD0 /* MemeDetailViewController.swift */; };
		30680EAF2214AE8D002F5C4A /* AppDelegate.swift in Sources */ = {isa = PBXBuildFile; fileRef = 30680EAE2214AE8D002F5C4A /* AppDelegate.swift */; };
		30680EB12214AE8D002F5C4A /* MemeEditorViewController.swift in Sources */ = {isa = PBXBuildFile; fileRef = 30680EB02214AE8D002F5C4A /* MemeEditorViewController.swift */; };
		30680EB42214AE8D002F5C4A /* Main.storyboard in Resources */ = {isa = PBXBuildFile; fileRef = 30680EB22214AE8D002F5C4A /* Main.storyboard */; };
		30680EB62214AE8F002F5C4A /* Assets.xcassets in Resources */ = {isa = PBXBuildFile; fileRef = 30680EB52214AE8F002F5C4A /* Assets.xcassets */; };
		30680EB92214AE8F002F5C4A /* LaunchScreen.storyboard in Resources */ = {isa = PBXBuildFile; fileRef = 30680EB72214AE8F002F5C4A /* LaunchScreen.storyboard */; };
		30680EC12214C0EC002F5C4A /* MemeInfo.swift in Sources */ = {isa = PBXBuildFile; fileRef = 30680EC02214C0EC002F5C4A /* MemeInfo.swift */; };
		309F8F84222DD90400DC522F /* TableViewCell.swift in Sources */ = {isa = PBXBuildFile; fileRef = 309F8F83222DD90400DC522F /* TableViewCell.swift */; };
		30F4EAAC22298ABF000F5771 /* CollectionViewCell.swift in Sources */ = {isa = PBXBuildFile; fileRef = 30F4EAAB22298ABF000F5771 /* CollectionViewCell.swift */; };
		30F4EAAE22298B1A000F5771 /* SentMemesViewController.swift in Sources */ = {isa = PBXBuildFile; fileRef = 30F4EAAD22298B1A000F5771 /* SentMemesViewController.swift */; };
/* End PBXBuildFile section */

/* Begin PBXFileReference section */
		300627CA2229A3EA00D92BD0 /* MemeDetailViewController.swift */ = {isa = PBXFileReference; lastKnownFileType = sourcecode.swift; path = MemeDetailViewController.swift; sourceTree = "<group>"; };
		30680EAB2214AE8D002F5C4A /*  MemeMe2.0.app */ = {isa = PBXFileReference; explicitFileType = wrapper.application; includeInIndex = 0; path = " MemeMe2.0.app"; sourceTree = BUILT_PRODUCTS_DIR; };
		30680EAE2214AE8D002F5C4A /* AppDelegate.swift */ = {isa = PBXFileReference; lastKnownFileType = sourcecode.swift; path = AppDelegate.swift; sourceTree = "<group>"; };
		30680EB02214AE8D002F5C4A /* MemeEditorViewController.swift */ = {isa = PBXFileReference; lastKnownFileType = sourcecode.swift; path = MemeEditorViewController.swift; sourceTree = "<group>"; };
		30680EB32214AE8D002F5C4A /* Base */ = {isa = PBXFileReference; lastKnownFileType = file.storyboard; name = Base; path = Base.lproj/Main.storyboard; sourceTree = "<group>"; };
		30680EB52214AE8F002F5C4A /* Assets.xcassets */ = {isa = PBXFileReference; lastKnownFileType = folder.assetcatalog; path = Assets.xcassets; sourceTree = "<group>"; };
		30680EB82214AE8F002F5C4A /* Base */ = {isa = PBXFileReference; lastKnownFileType = file.storyboard; name = Base; path = Base.lproj/LaunchScreen.storyboard; sourceTree = "<group>"; };
		30680EBA2214AE8F002F5C4A /* Info.plist */ = {isa = PBXFileReference; lastKnownFileType = text.plist.xml; path = Info.plist; sourceTree = "<group>"; };
		30680EC02214C0EC002F5C4A /* MemeInfo.swift */ = {isa = PBXFileReference; lastKnownFileType = sourcecode.swift; path = MemeInfo.swift; sourceTree = "<group>"; };
		30680EC22214D731002F5C4A /* README.md */ = {isa = PBXFileReference; lastKnownFileType = net.daringfireball.markdown; path = README.md; sourceTree = "<group>"; };
		309F8F83222DD90400DC522F /* TableViewCell.swift */ = {isa = PBXFileReference; lastKnownFileType = sourcecode.swift; path = TableViewCell.swift; sourceTree = "<group>"; };
		30F4EAAB22298ABF000F5771 /* CollectionViewCell.swift */ = {isa = PBXFileReference; lastKnownFileType = sourcecode.swift; path = CollectionViewCell.swift; sourceTree = "<group>"; };
		30F4EAAD22298B1A000F5771 /* SentMemesViewController.swift */ = {isa = PBXFileReference; lastKnownFileType = sourcecode.swift; path = SentMemesViewController.swift; sourceTree = "<group>"; };
/* End PBXFileReference section */

/* Begin PBXFrameworksBuildPhase section */
		30680EA82214AE8D002F5C4A /* Frameworks */ = {
			isa = PBXFrameworksBuildPhase;
			buildActionMask = 2147483647;
			files = (
			);
			runOnlyForDeploymentPostprocessing = 0;
		};
/* End PBXFrameworksBuildPhase section */

/* Begin PBXGroup section */
		30680EA22214AE8D002F5C4A = {
			isa = PBXGroup;
			children = (
				30680EAD2214AE8D002F5C4A /* Meme2.0 */,
				30680EAC2214AE8D002F5C4A /* Products */,
			);
			sourceTree = "<group>";
		};
		30680EAC2214AE8D002F5C4A /* Products */ = {
			isa = PBXGroup;
			children = (
				30680EAB2214AE8D002F5C4A /*  MemeMe2.0.app */,
			);
			name = Products;
			sourceTree = "<group>";
		};
		30680EAD2214AE8D002F5C4A /* Meme2.0 */ = {
			isa = PBXGroup;
			children = (
				30680EAE2214AE8D002F5C4A /* AppDelegate.swift */,
				300627CA2229A3EA00D92BD0 /* MemeDetailViewController.swift */,
				30680EB02214AE8D002F5C4A /* MemeEditorViewController.swift */,
				30680EB22214AE8D002F5C4A /* Main.storyboard */,
				30F4EAAB22298ABF000F5771 /* CollectionViewCell.swift */,
				309F8F83222DD90400DC522F /* TableViewCell.swift */,
				30F4EAAD22298B1A000F5771 /* SentMemesViewController.swift */,
				30680EC02214C0EC002F5C4A /* MemeInfo.swift */,
				30680EC22214D731002F5C4A /* README.md */,
				30680EB52214AE8F002F5C4A /* Assets.xcassets */,
				30680EB72214AE8F002F5C4A /* LaunchScreen.storyboard */,
				30680EBA2214AE8F002F5C4A /* Info.plist */,
			);
			path = Meme2.0;
			sourceTree = "<group>";
		};
/* End PBXGroup section */

/* Begin PBXNativeTarget section */
		30680EAA2214AE8D002F5C4A /*  MemeMe2.0 */ = {
			isa = PBXNativeTarget;
			buildConfigurationList = 30680EBD2214AE8F002F5C4A /* Build configuration list for PBXNativeTarget " MemeMe2.0" */;
			buildPhases = (
				30680EA72214AE8D002F5C4A /* Sources */,
				30680EA82214AE8D002F5C4A /* Frameworks */,
				30680EA92214AE8D002F5C4A /* Resources */,
			);
			buildRules = (
			);
			dependencies = (
			);
			name = " MemeMe2.0";
			productName = Meme1.1;
			productReference = 30680EAB2214AE8D002F5C4A /*  MemeMe2.0.app */;
			productType = "com.apple.product-type.application";
		};
/* End PBXNativeTarget section */

/* Begin PBXProject section */
		30680EA32214AE8D002F5C4A /* Project object */ = {
			isa = PBXProject;
			attributes = {
				LastSwiftUpdateCheck = 1010;
				LastUpgradeCheck = 1010;
				ORGANIZATIONNAME = mitch;
				TargetAttributes = {
					30680EAA2214AE8D002F5C4A = {
						CreatedOnToolsVersion = 10.1;
					};
				};
			};
			buildConfigurationList = 30680EA62214AE8D002F5C4A /* Build configuration list for PBXProject " MemeMe2.0" */;
			compatibilityVersion = "Xcode 9.3";
			developmentRegion = en;
			hasScannedForEncodings = 0;
			knownRegions = (
				en,
				Base,
			);
			mainGroup = 30680EA22214AE8D002F5C4A;
			productRefGroup = 30680EAC2214AE8D002F5C4A /* Products */;
			projectDirPath = "";
			projectRoot = "";
			targets = (
				30680EAA2214AE8D002F5C4A /*  MemeMe2.0 */,
			);
		};
/* End PBXProject section */

/* Begin PBXResourcesBuildPhase section */
		30680EA92214AE8D002F5C4A /* Resources */ = {
			isa = PBXResourcesBuildPhase;
			buildActionMask = 2147483647;
			files = (
				30680EB92214AE8F002F5C4A /* LaunchScreen.storyboard in Resources */,
				30680EB62214AE8F002F5C4A /* Assets.xcassets in Resources */,
				30680EB42214AE8D002F5C4A /* Main.storyboard in Resources */,
			);
			runOnlyForDeploymentPostprocessing = 0;
		};
/* End PBXResourcesBuildPhase section */

/* Begin PBXSourcesBuildPhase section */
		30680EA72214AE8D002F5C4A /* Sources */ = {
			isa = PBXSourcesBuildPhase;
			buildActionMask = 2147483647;
			files = (
				30680EB12214AE8D002F5C4A /* MemeEditorViewController.swift in Sources */,
				30680EAF2214AE8D002F5C4A /* AppDelegate.swift in Sources */,
				30F4EAAC22298ABF000F5771 /* CollectionViewCell.swift in Sources */,
				30680EC12214C0EC002F5C4A /* MemeInfo.swift in Sources */,
				300627CB2229A3EA00D92BD0 /* MemeDetailViewController.swift in Sources */,
				309F8F84222DD90400DC522F /* TableViewCell.swift in Sources */,
				30F4EAAE22298B1A000F5771 /* SentMemesViewController.swift in Sources */,
			);
			runOnlyForDeploymentPostprocessing = 0;
		};
/* End PBXSourcesBuildPhase section */

/* Begin PBXVariantGroup section */
		30680EB22214AE8D002F5C4A /* Main.storyboard */ = {
			isa = PBXVariantGroup;
			children = (
				30680EB32214AE8D002F5C4A /* Base */,
			);
			name = Main.storyboard;
			sourceTree = "<group>";
		};
		30680EB72214AE8F002F5C4A /* LaunchScreen.storyboard */ = {
			isa = PBXVariantGroup;
			children = (
				30680EB82214AE8F002F5C4A /* Base */,
			);
			name = LaunchScreen.storyboard;
			sourceTree = "<group>";
		};
/* End PBXVariantGroup section */

/* Begin XCBuildConfiguration section */
		30680EBB2214AE8F002F5C4A /* Debug */ = {
			isa = XCBuildConfiguration;
			buildSettings = {
				ALWAYS_SEARCH_USER_PATHS = NO;
				CLANG_ANALYZER_NONNULL = YES;
				CLANG_ANALYZER_NUMBER_OBJECT_CONVERSION = YES_AGGRESSIVE;
				CLANG_CXX_LANGUAGE_STANDARD = "gnu++14";
				CLANG_CXX_LIBRARY = "libc++";
				CLANG_ENABLE_MODULES = YES;
				CLANG_ENABLE_OBJC_ARC = YES;
				CLANG_ENABLE_OBJC_WEAK = YES;
				CLANG_WARN_BLOCK_CAPTURE_AUTORELEASING = YES;
				CLANG_WARN_BOOL_CONVERSION = YES;
				CLANG_WARN_COMMA = YES;
				CLANG_WARN_CONSTANT_CONVERSION = YES;
				CLANG_WARN_DEPRECATED_OBJC_IMPLEMENTATIONS = YES;
				CLANG_WARN_DIRECT_OBJC_ISA_USAGE = YES_ERROR;
				CLANG_WARN_DOCUMENTATION_COMMENTS = YES;
				CLANG_WARN_EMPTY_BODY = YES;
				CLANG_WARN_ENUM_CONVERSION = YES;
				CLANG_WARN_INFINITE_RECURSION = YES;
				CLANG_WARN_INT_CONVERSION = YES;
				CLANG_WARN_NON_LITERAL_NULL_CONVERSION = YES;
				CLANG_WARN_OBJC_IMPLICIT_RETAIN_SELF = YES;
				CLANG_WARN_OBJC_LITERAL_CONVERSION = YES;
				CLANG_WARN_OBJC_ROOT_CLASS = YES_ERROR;
				CLANG_WARN_RANGE_LOOP_ANALYSIS = YES;
				CLANG_WARN_STRICT_PROTOTYPES = YES;
				CLANG_WARN_SUSPICIOUS_MOVE = YES;
				CLANG_WARN_UNGUARDED_AVAILABILITY = YES_AGGRESSIVE;
				CLANG_WARN_UNREACHABLE_CODE = YES;
				CLANG_WARN__DUPLICATE_METHOD_MATCH = YES;
				CODE_SIGN_IDENTITY = "iPhone Developer";
				COPY_PHASE_STRIP = NO;
				DEBUG_INFORMATION_FORMAT = dwarf;
				ENABLE_STRICT_OBJC_MSGSEND = YES;
				ENABLE_TESTABILITY = YES;
				GCC_C_LANGUAGE_STANDARD = gnu11;
				GCC_DYNAMIC_NO_PIC = NO;
				GCC_NO_COMMON_BLOCKS = YES;
				GCC_OPTIMIZATION_LEVEL = 0;
				GCC_PREPROCESSOR_DEFINITIONS = (
					"DEBUG=1",
					"$(inherited)",
				);
				GCC_WARN_64_TO_32_BIT_CONVERSION = YES;
				GCC_WARN_ABOUT_RETURN_TYPE = YES_ERROR;
				GCC_WARN_UNDECLARED_SELECTOR = YES;
				GCC_WARN_UNINITIALIZED_AUTOS = YES_AGGRESSIVE;
				GCC_WARN_UNUSED_FUNCTION = YES;
				GCC_WARN_UNUSED_VARIABLE = YES;
				IPHONEOS_DEPLOYMENT_TARGET = 12.1;
				MTL_ENABLE_DEBUG_INFO = INCLUDE_SOURCE;
				MTL_FAST_MATH = YES;
				ONLY_ACTIVE_ARCH = YES;
				SDKROOT = iphoneos;
				SWIFT_ACTIVE_COMPILATION_CONDITIONS = DEBUG;
				SWIFT_OPTIMIZATION_LEVEL = "-Onone";
			};
			name = Debug;
		};
		30680EBC2214AE8F002F5C4A /* Release */ = {
			isa = XCBuildConfiguration;
			buildSettings = {
				ALWAYS_SEARCH_USER_PATHS = NO;
				CLANG_ANALYZER_NONNULL = YES;
				CLANG_ANALYZER_NUMBER_OBJECT_CONVERSION = YES_AGGRESSIVE;
				CLANG_CXX_LANGUAGE_STANDARD = "gnu++14";
				CLANG_CXX_LIBRARY = "libc++";
				CLANG_ENABLE_MODULES = YES;
				CLANG_ENABLE_OBJC_ARC = YES;
				CLANG_ENABLE_OBJC_WEAK = YES;
				CLANG_WARN_BLOCK_CAPTURE_AUTORELEASING = YES;
				CLANG_WARN_BOOL_CONVERSION = YES;
				CLANG_WARN_COMMA = YES;
				CLANG_WARN_CONSTANT_CONVERSION = YES;
				CLANG_WARN_DEPRECATED_OBJC_IMPLEMENTATIONS = YES;
				CLANG_WARN_DIRECT_OBJC_ISA_USAGE = YES_ERROR;
				CLANG_WARN_DOCUMENTATION_COMMENTS = YES;
				CLANG_WARN_EMPTY_BODY = YES;
				CLANG_WARN_ENUM_CONVERSION = YES;
				CLANG_WARN_INFINITE_RECURSION = YES;
				CLANG_WARN_INT_CONVERSION = YES;
				CLANG_WARN_NON_LITERAL_NULL_CONVERSION = YES;
				CLANG_WARN_OBJC_IMPLICIT_RETAIN_SELF = YES;
				CLANG_WARN_OBJC_LITERAL_CONVERSION = YES;
				CLANG_WARN_OBJC_ROOT_CLASS = YES_ERROR;
				CLANG_WARN_RANGE_LOOP_ANALYSIS = YES;
				CLANG_WARN_STRICT_PROTOTYPES = YES;
				CLANG_WARN_SUSPICIOUS_MOVE = YES;
				CLANG_WARN_UNGUARDED_AVAILABILITY = YES_AGGRESSIVE;
				CLANG_WARN_UNREACHABLE_CODE = YES;
				CLANG_WARN__DUPLICATE_METHOD_MATCH = YES;
				CODE_SIGN_IDENTITY = "iPhone Developer";
				COPY_PHASE_STRIP = NO;
				DEBUG_INFORMATION_FORMAT = "dwarf-with-dsym";
				ENABLE_NS_ASSERTIONS = NO;
				ENABLE_STRICT_OBJC_MSGSEND = YES;
				GCC_C_LANGUAGE_STANDARD = gnu11;
				GCC_NO_COMMON_BLOCKS = YES;
				GCC_WARN_64_TO_32_BIT_CONVERSION = YES;
				GCC_WARN_ABOUT_RETURN_TYPE = YES_ERROR;
				GCC_WARN_UNDECLARED_SELECTOR = YES;
				GCC_WARN_UNINITIALIZED_AUTOS = YES_AGGRESSIVE;
				GCC_WARN_UNUSED_FUNCTION = YES;
				GCC_WARN_UNUSED_VARIABLE = YES;
				IPHONEOS_DEPLOYMENT_TARGET = 12.1;
				MTL_ENABLE_DEBUG_INFO = NO;
				MTL_FAST_MATH = YES;
				SDKROOT = iphoneos;
				SWIFT_COMPILATION_MODE = wholemodule;
				SWIFT_OPTIMIZATION_LEVEL = "-O";
				VALIDATE_PRODUCT = YES;
			};
			name = Release;
		};
		30680EBE2214AE8F002F5C4A /* Debug */ = {
			isa = XCBuildConfiguration;
			buildSettings = {
				ASSETCATALOG_COMPILER_APPICON_NAME = "AppIcon-2";
				CODE_SIGN_STYLE = Manual;
				DEVELOPMENT_TEAM = "";
				INFOPLIST_FILE = "$(SRCROOT)/Meme2.0/Info.plist";
				LD_RUNPATH_SEARCH_PATHS = (
					"$(inherited)",
					"@executable_path/Frameworks",
				);
				PRODUCT_BUNDLE_IDENTIFIER = "MitchT.Meme1-1";
				PRODUCT_NAME = "$(TARGET_NAME)";
				PROVISIONING_PROFILE_SPECIFIER = "";
				SWIFT_VERSION = 4.2;
				TARGETED_DEVICE_FAMILY = "1,2";
			};
			name = Debug;
		};
		30680EBF2214AE8F002F5C4A /* Release */ = {
			isa = XCBuildConfiguration;
			buildSettings = {
				ASSETCATALOG_COMPILER_APPICON_NAME = "AppIcon-2";
				CODE_SIGN_STYLE = Manual;
				DEVELOPMENT_TEAM = "";
				INFOPLIST_FILE = "$(SRCROOT)/Meme2.0/Info.plist";
				LD_RUNPATH_SEARCH_PATHS = (
					"$(inherited)",
					"@executable_path/Frameworks",
				);
				PRODUCT_BUNDLE_IDENTIFIER = "MitchT.Meme1-1";
				PRODUCT_NAME = "$(TARGET_NAME)";
				PROVISIONING_PROFILE_SPECIFIER = "";
				SWIFT_VERSION = 4.2;
				TARGETED_DEVICE_FAMILY = "1,2";
			};
			name = Release;
		};
/* End XCBuildConfiguration section */

/* Begin XCConfigurationList section */
		30680EA62214AE8D002F5C4A /* Build configuration list for PBXProject " MemeMe2.0" */ = {
			isa = XCConfigurationList;
			buildConfigurations = (
				30680EBB2214AE8F002F5C4A /* Debug */,
				30680EBC2214AE8F002F5C4A /* Release */,
			);
			defaultConfigurationIsVisible = 0;
			defaultConfigurationName = Release;
		};
		30680EBD2214AE8F002F5C4A /* Build configuration list for PBXNativeTarget " MemeMe2.0" */ = {
			isa = XCConfigurationList;
			buildConfigurations = (
				30680EBE2214AE8F002F5C4A /* Debug */,
				30680EBF2214AE8F002F5C4A /* Release */,
			);
			defaultConfigurationIsVisible = 0;
			defaultConfigurationName = Release;
		};
/* End XCConfigurationList section */
	};
	rootObject = 30680EA32214AE8D002F5C4A /* Project object */;
}
